
Microsoft Visual Studio Solution File, Format Version 12.00
# Visual Studio Version 17
VisualStudioVersion = 17.4.33110.190
MinimumVisualStudioVersion = 10.0.40219.1
Project("{FAE04EC0-301F-11D3-BF4B-00C04F79EFBC}") = "MS_Lab1_WinF", "MS_Lab1_WinF\MS_Lab1_WinF.csproj", "{AE86E41E-49B2-4E6E-AA39-AC12F15DC3A6}"
EndProject
Global
	GlobalSection(SolutionConfigurationPlatforms) = preSolution
		Debug|Any CPU = Debug|Any CPU
		Release|Any CPU = Release|Any CPU
	EndGlobalSection
	GlobalSection(ProjectConfigurationPlatforms) = postSolution
		{AE86E41E-49B2-4E6E-AA39-AC12F15DC3A6}.Debug|Any CPU.ActiveCfg = Debug|Any CPU
		{AE86E41E-49B2-4E6E-AA39-AC12F15DC3A6}.Debug|Any CPU.Build.0 = Debug|Any CPU
		{AE86E41E-49B2-4E6E-AA39-AC12F15DC3A6}.Release|Any CPU.ActiveCfg = Release|Any CPU
		{AE86E41E-49B2-4E6E-AA39-AC12F15DC3A6}.Release|Any CPU.Build.0 = Release|Any CPU
	EndGlobalSection
	GlobalSection(SolutionProperties) = preSolution
		HideSolutionNode = FALSE
	EndGlobalSection
	GlobalSection(ExtensibilityGlobals) = postSolution
		SolutionGuid = {EAF9CF67-5BA7-400B-ABA7-3213FA1707C9}
	EndGlobalSection
EndGlobal
